
Microsoft Visual Studio Solution File, Format Version 12.00
# Visual Studio Version 16
VisualStudioVersion = 16.0.31129.286
MinimumVisualStudioVersion = 10.0.40219.1
Project("{9A19103F-16F7-4668-BE54-9A1E7A4F7556}") = "appsvcdemobyos", "appsvcdemobyos\appsvcdemobyos.csproj", "{A47574FF-B7FD-48CC-ABA2-BA025ECD922E}"
EndProject
Global
	GlobalSection(SolutionConfigurationPlatforms) = preSolution
		Debug|Any CPU = Debug|Any CPU
		Release|Any CPU = Release|Any CPU
	EndGlobalSection
	GlobalSection(ProjectConfigurationPlatforms) = postSolution
		{A47574FF-B7FD-48CC-ABA2-BA025ECD922E}.Debug|Any CPU.ActiveCfg = Debug|Any CPU
		{A47574FF-B7FD-48CC-ABA2-BA025ECD922E}.Debug|Any CPU.Build.0 = Debug|Any CPU
		{A47574FF-B7FD-48CC-ABA2-BA025ECD922E}.Release|Any CPU.ActiveCfg = Release|Any CPU
		{A47574FF-B7FD-48CC-ABA2-BA025ECD922E}.Release|Any CPU.Build.0 = Release|Any CPU
	EndGlobalSection
	GlobalSection(SolutionProperties) = preSolution
		HideSolutionNode = FALSE
	EndGlobalSection
	GlobalSection(ExtensibilityGlobals) = postSolution
		SolutionGuid = {F6639F76-52F8-4AD5-B5A7-25CB72BB804C}
	EndGlobalSection
EndGlobal
